
Microsoft Visual Studio Solution File, Format Version 12.00
# Visual Studio Version 17
VisualStudioVersion = 17.10.35122.118
MinimumVisualStudioVersion = 10.0.40219.1
Project("{2150E333-8FDC-42A3-9474-1A3956D46DE8}") = "src", "src", "{CF7AB269-3B9C-4333-8C77-DE18D4244397}"
EndProject
Project("{2150E333-8FDC-42A3-9474-1A3956D46DE8}") = "Building Block", "Building Block", "{865061EE-F2F6-47C0-BFE7-5BCEB5A4B9B1}"
EndProject
Project("{2150E333-8FDC-42A3-9474-1A3956D46DE8}") = "Services", "Services", "{856C37A3-CEE9-4B0F-BDB7-63F994C9B60D}"
EndProject
Project("{2150E333-8FDC-42A3-9474-1A3956D46DE8}") = "Web", "Web", "{802BBEEC-17A2-4C49-B5FC-737FB123AEE4}"
EndProject
Project("{2150E333-8FDC-42A3-9474-1A3956D46DE8}") = "Identidade", "Identidade", "{81BC90A2-6743-4E74-8941-49410C41E849}"
	ProjectSection(SolutionItems) = preProject
		pakcages.txt = pakcages.txt
	EndProjectSection
EndProject
Project("{9A19103F-16F7-4668-BE54-9A1E7A4F7556}") = "NSE.Identidade.API", "src\services\NSE.Identidade.API\NSE.Identidade.API.csproj", "{9145DC9C-CF96-4B05-A153-346F37CAF0F1}"
EndProject
Project("{2150E333-8FDC-42A3-9474-1A3956D46DE8}") = "MVC", "MVC", "{A6BAAD6E-3548-46F7-88F2-F76225DFBA09}"
EndProject
Project("{FAE04EC0-301F-11D3-BF4B-00C04F79EFBC}") = "NSE.WebApp.MVC", "src\web\NSE.WebApp.MVC\NSE.WebApp.MVC.csproj", "{0AE2953C-A350-4D6D-8CC9-5628C0E052DB}"
EndProject
Project("{2150E333-8FDC-42A3-9474-1A3956D46DE8}") = "Core", "Core", "{D2538662-D38C-4024-AC31-383D9C1B32EB}"
EndProject
Project("{FAE04EC0-301F-11D3-BF4B-00C04F79EFBC}") = "NSE.Core", "src\building blocks\NSE.Core\NSE.Core.csproj", "{80007A19-7B38-4A62-852B-411E7978F47B}"
EndProject
Project("{2150E333-8FDC-42A3-9474-1A3956D46DE8}") = "Carrinho", "Carrinho", "{845B2097-8EC5-426E-B4C3-BBBD94710D82}"
EndProject
Project("{2150E333-8FDC-42A3-9474-1A3956D46DE8}") = "Catalogo", "Catalogo", "{DFA4B959-2831-4415-8DE3-2780F5219E9A}"
EndProject
Project("{2150E333-8FDC-42A3-9474-1A3956D46DE8}") = "Cliente", "Cliente", "{642C1C5B-FD3C-4A4E-88FE-3CC97A7C13CB}"
EndProject
Project("{2150E333-8FDC-42A3-9474-1A3956D46DE8}") = "Pagamento", "Pagamento", "{2FBCE2B3-CD31-4122-B8A3-273F35FA0742}"
EndProject
Project("{2150E333-8FDC-42A3-9474-1A3956D46DE8}") = "Pedido", "Pedido", "{7B22F8BB-F622-4ED1-AA61-3507FA5F4FA5}"
EndProject
Project("{FAE04EC0-301F-11D3-BF4B-00C04F79EFBC}") = "NSE.Carrinho.API", "src\services\NSE.Carrinho.API\NSE.Carrinho.API.csproj", "{BB0FDF18-0143-4406-B8A7-12308588A9EE}"
EndProject
Project("{FAE04EC0-301F-11D3-BF4B-00C04F79EFBC}") = "NSE.Catalogo.API", "src\services\NSE.Catalogo.API\NSE.Catalogo.API.csproj", "{84EAE767-A1A9-41DD-AF80-F16EBC1FFE00}"
EndProject
Project("{FAE04EC0-301F-11D3-BF4B-00C04F79EFBC}") = "NSE.Cliente.API", "src\services\NSE.Cliente.API\NSE.Cliente.API.csproj", "{D8E90AB6-3C35-4A0C-A672-C15BDC5E12DF}"
EndProject
Project("{FAE04EC0-301F-11D3-BF4B-00C04F79EFBC}") = "NSE.Pagamento.API", "src\services\NSE.Pagamento.API\NSE.Pagamento.API.csproj", "{8BA51CB9-16BB-424A-992E-3C7C5EDBD778}"
EndProject
Project("{FAE04EC0-301F-11D3-BF4B-00C04F79EFBC}") = "NSE.Pedido.API", "src\services\NSE.Pedido.API\NSE.Pedido.API.csproj", "{CFB8749B-D845-42FF-81E7-249FA27B91C0}"
EndProject
Global
	GlobalSection(SolutionConfigurationPlatforms) = preSolution
		Debug|Any CPU = Debug|Any CPU
		Release|Any CPU = Release|Any CPU
	EndGlobalSection
	GlobalSection(ProjectConfigurationPlatforms) = postSolution
		{9145DC9C-CF96-4B05-A153-346F37CAF0F1}.Debug|Any CPU.ActiveCfg = Debug|Any CPU
		{9145DC9C-CF96-4B05-A153-346F37CAF0F1}.Debug|Any CPU.Build.0 = Debug|Any CPU
		{9145DC9C-CF96-4B05-A153-346F37CAF0F1}.Release|Any CPU.ActiveCfg = Release|Any CPU
		{9145DC9C-CF96-4B05-A153-346F37CAF0F1}.Release|Any CPU.Build.0 = Release|Any CPU
		{0AE2953C-A350-4D6D-8CC9-5628C0E052DB}.Debug|Any CPU.ActiveCfg = Debug|Any CPU
		{0AE2953C-A350-4D6D-8CC9-5628C0E052DB}.Debug|Any CPU.Build.0 = Debug|Any CPU
		{0AE2953C-A350-4D6D-8CC9-5628C0E052DB}.Release|Any CPU.ActiveCfg = Release|Any CPU
		{0AE2953C-A350-4D6D-8CC9-5628C0E052DB}.Release|Any CPU.Build.0 = Release|Any CPU
		{80007A19-7B38-4A62-852B-411E7978F47B}.Debug|Any CPU.ActiveCfg = Debug|Any CPU
		{80007A19-7B38-4A62-852B-411E7978F47B}.Debug|Any CPU.Build.0 = Debug|Any CPU
		{80007A19-7B38-4A62-852B-411E7978F47B}.Release|Any CPU.ActiveCfg = Release|Any CPU
		{80007A19-7B38-4A62-852B-411E7978F47B}.Release|Any CPU.Build.0 = Release|Any CPU
		{BB0FDF18-0143-4406-B8A7-12308588A9EE}.Debug|Any CPU.ActiveCfg = Debug|Any CPU
		{BB0FDF18-0143-4406-B8A7-12308588A9EE}.Debug|Any CPU.Build.0 = Debug|Any CPU
		{BB0FDF18-0143-4406-B8A7-12308588A9EE}.Release|Any CPU.ActiveCfg = Release|Any CPU
		{BB0FDF18-0143-4406-B8A7-12308588A9EE}.Release|Any CPU.Build.0 = Release|Any CPU
		{84EAE767-A1A9-41DD-AF80-F16EBC1FFE00}.Debug|Any CPU.ActiveCfg = Debug|Any CPU
		{84EAE767-A1A9-41DD-AF80-F16EBC1FFE00}.Debug|Any CPU.Build.0 = Debug|Any CPU
		{84EAE767-A1A9-41DD-AF80-F16EBC1FFE00}.Release|Any CPU.ActiveCfg = Release|Any CPU
		{84EAE767-A1A9-41DD-AF80-F16EBC1FFE00}.Release|Any CPU.Build.0 = Release|Any CPU
		{D8E90AB6-3C35-4A0C-A672-C15BDC5E12DF}.Debug|Any CPU.ActiveCfg = Debug|Any CPU
		{D8E90AB6-3C35-4A0C-A672-C15BDC5E12DF}.Debug|Any CPU.Build.0 = Debug|Any CPU
		{D8E90AB6-3C35-4A0C-A672-C15BDC5E12DF}.Release|Any CPU.ActiveCfg = Release|Any CPU
		{D8E90AB6-3C35-4A0C-A672-C15BDC5E12DF}.Release|Any CPU.Build.0 = Release|Any CPU
		{8BA51CB9-16BB-424A-992E-3C7C5EDBD778}.Debug|Any CPU.ActiveCfg = Debug|Any CPU
		{8BA51CB9-16BB-424A-992E-3C7C5EDBD778}.Debug|Any CPU.Build.0 = Debug|Any CPU
		{8BA51CB9-16BB-424A-992E-3C7C5EDBD778}.Release|Any CPU.ActiveCfg = Release|Any CPU
		{8BA51CB9-16BB-424A-992E-3C7C5EDBD778}.Release|Any CPU.Build.0 = Release|Any CPU
		{CFB8749B-D845-42FF-81E7-249FA27B91C0}.Debug|Any CPU.ActiveCfg = Debug|Any CPU
		{CFB8749B-D845-42FF-81E7-249FA27B91C0}.Debug|Any CPU.Build.0 = Debug|Any CPU
		{CFB8749B-D845-42FF-81E7-249FA27B91C0}.Release|Any CPU.ActiveCfg = Release|Any CPU
		{CFB8749B-D845-42FF-81E7-249FA27B91C0}.Release|Any CPU.Build.0 = Release|Any CPU
	EndGlobalSection
	GlobalSection(SolutionProperties) = preSolution
		HideSolutionNode = FALSE
	EndGlobalSection
	GlobalSection(NestedProjects) = preSolution
		{865061EE-F2F6-47C0-BFE7-5BCEB5A4B9B1} = {CF7AB269-3B9C-4333-8C77-DE18D4244397}
		{856C37A3-CEE9-4B0F-BDB7-63F994C9B60D} = {CF7AB269-3B9C-4333-8C77-DE18D4244397}
		{802BBEEC-17A2-4C49-B5FC-737FB123AEE4} = {CF7AB269-3B9C-4333-8C77-DE18D4244397}
		{81BC90A2-6743-4E74-8941-49410C41E849} = {856C37A3-CEE9-4B0F-BDB7-63F994C9B60D}
		{9145DC9C-CF96-4B05-A153-346F37CAF0F1} = {81BC90A2-6743-4E74-8941-49410C41E849}
		{A6BAAD6E-3548-46F7-88F2-F76225DFBA09} = {802BBEEC-17A2-4C49-B5FC-737FB123AEE4}
		{0AE2953C-A350-4D6D-8CC9-5628C0E052DB} = {A6BAAD6E-3548-46F7-88F2-F76225DFBA09}
		{D2538662-D38C-4024-AC31-383D9C1B32EB} = {865061EE-F2F6-47C0-BFE7-5BCEB5A4B9B1}
		{80007A19-7B38-4A62-852B-411E7978F47B} = {D2538662-D38C-4024-AC31-383D9C1B32EB}
		{845B2097-8EC5-426E-B4C3-BBBD94710D82} = {856C37A3-CEE9-4B0F-BDB7-63F994C9B60D}
		{DFA4B959-2831-4415-8DE3-2780F5219E9A} = {856C37A3-CEE9-4B0F-BDB7-63F994C9B60D}
		{642C1C5B-FD3C-4A4E-88FE-3CC97A7C13CB} = {856C37A3-CEE9-4B0F-BDB7-63F994C9B60D}
		{2FBCE2B3-CD31-4122-B8A3-273F35FA0742} = {856C37A3-CEE9-4B0F-BDB7-63F994C9B60D}
		{7B22F8BB-F622-4ED1-AA61-3507FA5F4FA5} = {856C37A3-CEE9-4B0F-BDB7-63F994C9B60D}
		{BB0FDF18-0143-4406-B8A7-12308588A9EE} = {845B2097-8EC5-426E-B4C3-BBBD94710D82}
		{84EAE767-A1A9-41DD-AF80-F16EBC1FFE00} = {DFA4B959-2831-4415-8DE3-2780F5219E9A}
		{D8E90AB6-3C35-4A0C-A672-C15BDC5E12DF} = {642C1C5B-FD3C-4A4E-88FE-3CC97A7C13CB}
		{8BA51CB9-16BB-424A-992E-3C7C5EDBD778} = {2FBCE2B3-CD31-4122-B8A3-273F35FA0742}
		{CFB8749B-D845-42FF-81E7-249FA27B91C0} = {7B22F8BB-F622-4ED1-AA61-3507FA5F4FA5}
	EndGlobalSection
	GlobalSection(ExtensibilityGlobals) = postSolution
		SolutionGuid = {EBB8F61E-CB08-4103-B066-E6631343EDA5}
	EndGlobalSection
EndGlobal
